{
  "name": "@vjsandu/npmpublish",
  "version": "1.0.0",
  "lockfileVersion": 2,
  "requires": true,
  "packages": {
    "": {
      "name": "@vjsandu/npmpublish",
      "version": "1.0.0",
      "license": "ISC",
      "dependencies": {
        "@vjsandu/npmpublish": "^1.0.0"
      }
    },
    "node_modules/@vjsandu/npmpublish": {
      "version": "1.0.0",
      "resolved": "https://npm.pkg.github.com/download/@vjsandu/npmpublish/1.0.0/27ec1d266c72fae9f337fbbe03e1b87ac88c68edf0932ceae5c36d077a71a37a",
      "integrity": "sha512-y3Pk1Phw4cmf82p+4l6+Y5ghjFuQWj+j437OJiixtYsItIxw97nl3Sa7fw0BUPcG39mrQC1ZFHoizDPAs5Vc8Q==",
      "license": "ISC"
    }
  },
  "dependencies": {
    "@vjsandu/npmpublish": {
      "version": "1.0.0",
      "resolved": "https://npm.pkg.github.com/download/@vjsandu/npmpublish/1.0.0/27ec1d266c72fae9f337fbbe03e1b87ac88c68edf0932ceae5c36d077a71a37a",
      "integrity": "sha512-y3Pk1Phw4cmf82p+4l6+Y5ghjFuQWj+j437OJiixtYsItIxw97nl3Sa7fw0BUPcG39mrQC1ZFHoizDPAs5Vc8Q=="
    }
  }
}
